
Microsoft Visual Studio Solution File, Format Version 12.00
# Visual Studio 15
VisualStudioVersion = 15.0.27703.2035
MinimumVisualStudioVersion = 10.0.40219.1
Project("{FAE04EC0-301F-11D3-BF4B-00C04F79EFBC}") = "ConsoleApp1", "ConsoleApp1\ConsoleApp1.csproj", "{BE11B251-E703-4E89-A218-60685E363ADF}"
EndProject
Global
	GlobalSection(SolutionConfigurationPlatforms) = preSolution
		Debug|Any CPU = Debug|Any CPU
		Release|Any CPU = Release|Any CPU
	EndGlobalSection
	GlobalSection(ProjectConfigurationPlatforms) = postSolution
		{BE11B251-E703-4E89-A218-60685E363ADF}.Debug|Any CPU.ActiveCfg = Debug|Any CPU
		{BE11B251-E703-4E89-A218-60685E363ADF}.Debug|Any CPU.Build.0 = Debug|Any CPU
		{BE11B251-E703-4E89-A218-60685E363ADF}.Release|Any CPU.ActiveCfg = Release|Any CPU
		{BE11B251-E703-4E89-A218-60685E363ADF}.Release|Any CPU.Build.0 = Release|Any CPU
	EndGlobalSection
	GlobalSection(SolutionProperties) = preSolution
		HideSolutionNode = FALSE
	EndGlobalSection
	GlobalSection(ExtensibilityGlobals) = postSolution
		SolutionGuid = {0122D5F0-CD89-4E3F-ADA9-03110A6BE61E}
	EndGlobalSection
EndGlobal
